
Microsoft Visual Studio Solution File, Format Version 12.00
# Visual Studio Version 16
VisualStudioVersion = 16.0.30517.126
MinimumVisualStudioVersion = 10.0.40219.1
Project("{FAE04EC0-301F-11D3-BF4B-00C04F79EFBC}") = "listview-and-colors", "listview-and-colors\listview-and-colors.csproj", "{5BF4F8FC-6D1C-46FD-A270-8DB4DD6844C8}"
EndProject
Project("{9092AA53-FB77-4645-B42D-1CCCA6BD08BD}") = "generator_helper", "generator_helper\generator_helper.njsproj", "{4C5527EC-D4F8-4F0A-AD3E-ADB5F9F47B34}"
EndProject
Global
	GlobalSection(SolutionConfigurationPlatforms) = preSolution
		Debug|Any CPU = Debug|Any CPU
		Release|Any CPU = Release|Any CPU
	EndGlobalSection
	GlobalSection(ProjectConfigurationPlatforms) = postSolution
		{5BF4F8FC-6D1C-46FD-A270-8DB4DD6844C8}.Debug|Any CPU.ActiveCfg = Debug|Any CPU
		{5BF4F8FC-6D1C-46FD-A270-8DB4DD6844C8}.Debug|Any CPU.Build.0 = Debug|Any CPU
		{5BF4F8FC-6D1C-46FD-A270-8DB4DD6844C8}.Release|Any CPU.ActiveCfg = Release|Any CPU
		{5BF4F8FC-6D1C-46FD-A270-8DB4DD6844C8}.Release|Any CPU.Build.0 = Release|Any CPU
		{4C5527EC-D4F8-4F0A-AD3E-ADB5F9F47B34}.Debug|Any CPU.ActiveCfg = Debug|Any CPU
		{4C5527EC-D4F8-4F0A-AD3E-ADB5F9F47B34}.Debug|Any CPU.Build.0 = Debug|Any CPU
		{4C5527EC-D4F8-4F0A-AD3E-ADB5F9F47B34}.Release|Any CPU.ActiveCfg = Release|Any CPU
		{4C5527EC-D4F8-4F0A-AD3E-ADB5F9F47B34}.Release|Any CPU.Build.0 = Release|Any CPU
	EndGlobalSection
	GlobalSection(SolutionProperties) = preSolution
		HideSolutionNode = FALSE
	EndGlobalSection
	GlobalSection(ExtensibilityGlobals) = postSolution
		SolutionGuid = {9057F076-2245-4237-8601-3C23161F0DB2}
	EndGlobalSection
EndGlobal
